// !$*UTF8*$!
{
	archiveVersion = 1;
	classes = {
	};
	objectVersion = 46;
	objects = {

/* Begin PBXAggregateTarget section */
		"keychainkit::KeychainKitPackageTests::ProductTarget" /* KeychainKitPackageTests */ = {
			isa = PBXAggregateTarget;
			buildConfigurationList = OBJ_34 /* Build configuration list for PBXAggregateTarget "KeychainKitPackageTests" */;
			buildPhases = (
			);
			dependencies = (
				OBJ_37 /* PBXTargetDependency */,
			);
			name = KeychainKitPackageTests;
			productName = KeychainKitPackageTests;
		};
/* End PBXAggregateTarget section */

/* Begin PBXBuildFile section */
		OBJ_25 /* KeychainHelper.swift in Sources */ = {isa = PBXBuildFile; fileRef = OBJ_10 /* KeychainHelper.swift */; };
		OBJ_32 /* Package.swift in Sources */ = {isa = PBXBuildFile; fileRef = OBJ_6 /* Package.swift */; };
		OBJ_43 /* KeychainKitTests.swift in Sources */ = {isa = PBXBuildFile; fileRef = OBJ_13 /* KeychainKitTests.swift */; };
		OBJ_45 /* KeychainKit.framework in Frameworks */ = {isa = PBXBuildFile; fileRef = "keychainkit::KeychainKit::Product" /* KeychainKit.framework */; };
/* End PBXBuildFile section */

/* Begin PBXContainerItemProxy section */
		2C4208CF2828FFD1002BD59E /* PBXContainerItemProxy */ = {
			isa = PBXContainerItemProxy;
			containerPortal = OBJ_1 /* Project object */;
			proxyType = 1;
			remoteGlobalIDString = "keychainkit::KeychainKit";
			remoteInfo = KeychainKit;
		};
		2C4208D02828FFD1002BD59E /* PBXContainerItemProxy */ = {
			isa = PBXContainerItemProxy;
			containerPortal = OBJ_1 /* Project object */;
			proxyType = 1;
			remoteGlobalIDString = "keychainkit::KeychainKitTests";
			remoteInfo = KeychainKitTests;
		};
/* End PBXContainerItemProxy section */

/* Begin PBXFileReference section */
		OBJ_10 /* KeychainHelper.swift */ = {isa = PBXFileReference; lastKnownFileType = sourcecode.swift; path = KeychainHelper.swift; sourceTree = "<group>"; };
		OBJ_13 /* KeychainKitTests.swift */ = {isa = PBXFileReference; lastKnownFileType = sourcecode.swift; path = KeychainKitTests.swift; sourceTree = "<group>"; };
		OBJ_17 /* fastlane */ = {isa = PBXFileReference; lastKnownFileType = folder; path = fastlane; sourceTree = SOURCE_ROOT; };
		OBJ_18 /* README.md */ = {isa = PBXFileReference; lastKnownFileType = net.daringfireball.markdown; path = README.md; sourceTree = "<group>"; };
		OBJ_19 /* Gemfile */ = {isa = PBXFileReference; lastKnownFileType = text; path = Gemfile; sourceTree = "<group>"; };
		OBJ_6 /* Package.swift */ = {isa = PBXFileReference; explicitFileType = sourcecode.swift; path = Package.swift; sourceTree = "<group>"; };
		OBJ_9 /* KeychainKit.h */ = {isa = PBXFileReference; lastKnownFileType = sourcecode.c.h; path = KeychainKit.h; sourceTree = "<group>"; };
		"keychainkit::KeychainKit::Product" /* KeychainKit.framework */ = {isa = PBXFileReference; lastKnownFileType = wrapper.framework; path = KeychainKit.framework; sourceTree = BUILT_PRODUCTS_DIR; };
		"keychainkit::KeychainKitTests::Product" /* KeychainKitTests.xctest */ = {isa = PBXFileReference; lastKnownFileType = file; path = KeychainKitTests.xctest; sourceTree = BUILT_PRODUCTS_DIR; };
/* End PBXFileReference section */

/* Begin PBXFrameworksBuildPhase section */
		OBJ_26 /* Frameworks */ = {
			isa = PBXFrameworksBuildPhase;
			buildActionMask = 0;
			files = (
			);
			runOnlyForDeploymentPostprocessing = 0;
		};
		OBJ_44 /* Frameworks */ = {
			isa = PBXFrameworksBuildPhase;
			buildActionMask = 0;
			files = (
				OBJ_45 /* KeychainKit.framework in Frameworks */,
			);
			runOnlyForDeploymentPostprocessing = 0;
		};
/* End PBXFrameworksBuildPhase section */

/* Begin PBXGroup section */
		OBJ_11 /* Tests */ = {
			isa = PBXGroup;
			children = (
				OBJ_12 /* KeychainKitTests */,
			);
			name = Tests;
			sourceTree = SOURCE_ROOT;
		};
		OBJ_12 /* KeychainKitTests */ = {
			isa = PBXGroup;
			children = (
				OBJ_13 /* KeychainKitTests.swift */,
			);
			name = KeychainKitTests;
			path = Tests/KeychainKitTests;
			sourceTree = SOURCE_ROOT;
		};
		OBJ_14 /* Products */ = {
			isa = PBXGroup;
			children = (
				"keychainkit::KeychainKit::Product" /* KeychainKit.framework */,
				"keychainkit::KeychainKitTests::Product" /* KeychainKitTests.xctest */,
			);
			name = Products;
			sourceTree = BUILT_PRODUCTS_DIR;
		};
		OBJ_5 /*  */ = {
			isa = PBXGroup;
			children = (
				OBJ_6 /* Package.swift */,
				OBJ_7 /* Sources */,
				OBJ_11 /* Tests */,
				OBJ_14 /* Products */,
				OBJ_17 /* fastlane */,
				OBJ_18 /* README.md */,
				OBJ_19 /* Gemfile */,
			);
			name = "";
			sourceTree = "<group>";
		};
		OBJ_7 /* Sources */ = {
			isa = PBXGroup;
			children = (
				OBJ_8 /* KeychainKit */,
			);
			name = Sources;
			sourceTree = SOURCE_ROOT;
		};
		OBJ_8 /* KeychainKit */ = {
			isa = PBXGroup;
			children = (
				OBJ_9 /* KeychainKit.h */,
				OBJ_10 /* KeychainHelper.swift */,
			);
			name = KeychainKit;
			path = Sources/KeychainKit;
			sourceTree = SOURCE_ROOT;
		};
/* End PBXGroup section */

/* Begin PBXNativeTarget section */
		"keychainkit::KeychainKit" /* KeychainKit */ = {
			isa = PBXNativeTarget;
			buildConfigurationList = OBJ_21 /* Build configuration list for PBXNativeTarget "KeychainKit" */;
			buildPhases = (
				OBJ_24 /* Sources */,
				OBJ_26 /* Frameworks */,
			);
			buildRules = (
			);
			dependencies = (
			);
			name = KeychainKit;
			productName = KeychainKit;
			productReference = "keychainkit::KeychainKit::Product" /* KeychainKit.framework */;
			productType = "com.apple.product-type.framework";
		};
		"keychainkit::KeychainKitTests" /* KeychainKitTests */ = {
			isa = PBXNativeTarget;
			buildConfigurationList = OBJ_39 /* Build configuration list for PBXNativeTarget "KeychainKitTests" */;
			buildPhases = (
				OBJ_42 /* Sources */,
				OBJ_44 /* Frameworks */,
			);
			buildRules = (
			);
			dependencies = (
				OBJ_46 /* PBXTargetDependency */,
			);
			name = KeychainKitTests;
			productName = KeychainKitTests;
			productReference = "keychainkit::KeychainKitTests::Product" /* KeychainKitTests.xctest */;
			productType = "com.apple.product-type.bundle.unit-test";
		};
		"keychainkit::SwiftPMPackageDescription" /* KeychainKitPackageDescription */ = {
			isa = PBXNativeTarget;
			buildConfigurationList = OBJ_28 /* Build configuration list for PBXNativeTarget "KeychainKitPackageDescription" */;
			buildPhases = (
				OBJ_31 /* Sources */,
			);
			buildRules = (
			);
			dependencies = (
			);
			name = KeychainKitPackageDescription;
			productName = KeychainKitPackageDescription;
			productType = "com.apple.product-type.framework";
		};
/* End PBXNativeTarget section */

/* Begin PBXProject section */
		OBJ_1 /* Project object */ = {
			isa = PBXProject;
			attributes = {
				LastSwiftMigration = 9999;
				LastUpgradeCheck = 9999;
			};
			buildConfigurationList = OBJ_2 /* Build configuration list for PBXProject "KeychainKit" */;
			compatibilityVersion = "Xcode 3.2";
			developmentRegion = en;
			hasScannedForEncodings = 0;
			knownRegions = (
				en,
			);
			mainGroup = OBJ_5 /*  */;
			productRefGroup = OBJ_14 /* Products */;
			projectDirPath = "";
			projectRoot = "";
			targets = (
				"keychainkit::KeychainKit" /* KeychainKit */,
				"keychainkit::SwiftPMPackageDescription" /* KeychainKitPackageDescription */,
				"keychainkit::KeychainKitPackageTests::ProductTarget" /* KeychainKitPackageTests */,
				"keychainkit::KeychainKitTests" /* KeychainKitTests */,
			);
		};
/* End PBXProject section */

/* Begin PBXSourcesBuildPhase section */
		OBJ_24 /* Sources */ = {
			isa = PBXSourcesBuildPhase;
			buildActionMask = 0;
			files = (
				OBJ_25 /* KeychainHelper.swift in Sources */,
			);
			runOnlyForDeploymentPostprocessing = 0;
		};
		OBJ_31 /* Sources */ = {
			isa = PBXSourcesBuildPhase;
			buildActionMask = 0;
			files = (
				OBJ_32 /* Package.swift in Sources */,
			);
			runOnlyForDeploymentPostprocessing = 0;
		};
		OBJ_42 /* Sources */ = {
			isa = PBXSourcesBuildPhase;
			buildActionMask = 0;
			files = (
				OBJ_43 /* KeychainKitTests.swift in Sources */,
			);
			runOnlyForDeploymentPostprocessing = 0;
		};
/* End PBXSourcesBuildPhase section */

/* Begin PBXTargetDependency section */
		OBJ_37 /* PBXTargetDependency */ = {
			isa = PBXTargetDependency;
			target = "keychainkit::KeychainKitTests" /* KeychainKitTests */;
			targetProxy = 2C4208D02828FFD1002BD59E /* PBXContainerItemProxy */;
		};
		OBJ_46 /* PBXTargetDependency */ = {
			isa = PBXTargetDependency;
			target = "keychainkit::KeychainKit" /* KeychainKit */;
			targetProxy = 2C4208CF2828FFD1002BD59E /* PBXContainerItemProxy */;
		};
/* End PBXTargetDependency section */

/* Begin XCBuildConfiguration section */
		OBJ_22 /* Debug */ = {
			isa = XCBuildConfiguration;
			buildSettings = {
				CURRENT_PROJECT_VERSION = 1;
				DRIVERKIT_DEPLOYMENT_TARGET = 19.0;
				ENABLE_TESTABILITY = YES;
				FRAMEWORK_SEARCH_PATHS = (
					"$(inherited)",
					"$(PLATFORM_DIR)/Developer/Library/Frameworks",
				);
				HEADER_SEARCH_PATHS = "$(inherited)";
				INFOPLIST_FILE = KeychainKit.xcodeproj/KeychainKit_Info.plist;
				IPHONEOS_DEPLOYMENT_TARGET = 9.0;
				LD_RUNPATH_SEARCH_PATHS = "$(inherited) $(TOOLCHAIN_DIR)/usr/lib/swift/macosx";
				MACOSX_DEPLOYMENT_TARGET = 10.10;
				OTHER_CFLAGS = "$(inherited)";
				OTHER_LDFLAGS = "$(inherited)";
				OTHER_SWIFT_FLAGS = "$(inherited)";
				PRODUCT_BUNDLE_IDENTIFIER = KeychainKit;
				PRODUCT_MODULE_NAME = "$(TARGET_NAME:c99extidentifier)";
				PRODUCT_NAME = "$(TARGET_NAME:c99extidentifier)";
				SKIP_INSTALL = YES;
				SWIFT_ACTIVE_COMPILATION_CONDITIONS = "$(inherited)";
				SWIFT_VERSION = 5.0;
				TARGET_NAME = KeychainKit;
				TVOS_DEPLOYMENT_TARGET = 9.0;
				WATCHOS_DEPLOYMENT_TARGET = 2.0;
			};
			name = Debug;
		};
		OBJ_23 /* Release */ = {
			isa = XCBuildConfiguration;
			buildSettings = {
				CURRENT_PROJECT_VERSION = 1;
				DRIVERKIT_DEPLOYMENT_TARGET = 19.0;
				ENABLE_TESTABILITY = YES;
				FRAMEWORK_SEARCH_PATHS = (
					"$(inherited)",
					"$(PLATFORM_DIR)/Developer/Library/Frameworks",
				);
				HEADER_SEARCH_PATHS = "$(inherited)";
				INFOPLIST_FILE = KeychainKit.xcodeproj/KeychainKit_Info.plist;
				IPHONEOS_DEPLOYMENT_TARGET = 9.0;
				LD_RUNPATH_SEARCH_PATHS = "$(inherited) $(TOOLCHAIN_DIR)/usr/lib/swift/macosx";
				MACOSX_DEPLOYMENT_TARGET = 10.10;
				OTHER_CFLAGS = "$(inherited)";
				OTHER_LDFLAGS = "$(inherited)";
				OTHER_SWIFT_FLAGS = "$(inherited)";
				PRODUCT_BUNDLE_IDENTIFIER = KeychainKit;
				PRODUCT_MODULE_NAME = "$(TARGET_NAME:c99extidentifier)";
				PRODUCT_NAME = "$(TARGET_NAME:c99extidentifier)";
				SKIP_INSTALL = YES;
				SWIFT_ACTIVE_COMPILATION_CONDITIONS = "$(inherited)";
				SWIFT_VERSION = 5.0;
				TARGET_NAME = KeychainKit;
				TVOS_DEPLOYMENT_TARGET = 9.0;
				WATCHOS_DEPLOYMENT_TARGET = 2.0;
			};
			name = Release;
		};
		OBJ_29 /* Debug */ = {
			isa = XCBuildConfiguration;
			buildSettings = {
				LD = /usr/bin/true;
				OTHER_SWIFT_FLAGS = "-swift-version 5 -I $(TOOLCHAIN_DIR)/usr/lib/swift/pm/ManifestAPI -sdk /Applications/Xcode13.3.app/Contents/Developer/Platforms/MacOSX.platform/Developer/SDKs/MacOSX12.3.sdk -package-description-version 5.6.0";
				SWIFT_VERSION = 5.0;
			};
			name = Debug;
		};
		OBJ_3 /* Debug */ = {
			isa = XCBuildConfiguration;
			buildSettings = {
				CLANG_ENABLE_OBJC_ARC = YES;
				COMBINE_HIDPI_IMAGES = YES;
				COPY_PHASE_STRIP = NO;
				DEBUG_INFORMATION_FORMAT = dwarf;
				DYLIB_INSTALL_NAME_BASE = "@rpath";
				ENABLE_NS_ASSERTIONS = YES;
				GCC_OPTIMIZATION_LEVEL = 0;
				GCC_PREPROCESSOR_DEFINITIONS = (
					"$(inherited)",
					"SWIFT_PACKAGE=1",
					"DEBUG=1",
				);
				IPHONEOS_DEPLOYMENT_TARGET = 15.0;
				MACOSX_DEPLOYMENT_TARGET = 10.10;
				ONLY_ACTIVE_ARCH = YES;
				OTHER_SWIFT_FLAGS = "$(inherited) -DXcode";
				PRODUCT_NAME = "$(TARGET_NAME)";
				SDKROOT = macosx;
				SUPPORTED_PLATFORMS = "$(AVAILABLE_PLATFORMS)";
				SUPPORTS_MACCATALYST = YES;
				SWIFT_ACTIVE_COMPILATION_CONDITIONS = "$(inherited) SWIFT_PACKAGE DEBUG";
				SWIFT_OPTIMIZATION_LEVEL = "-Onone";
				USE_HEADERMAP = NO;
			};
			name = Debug;
		};
		OBJ_30 /* Release */ = {
			isa = XCBuildConfiguration;
			buildSettings = {
				LD = /usr/bin/true;
				OTHER_SWIFT_FLAGS = "-swift-version 5 -I $(TOOLCHAIN_DIR)/usr/lib/swift/pm/ManifestAPI -sdk /Applications/Xcode13.3.app/Contents/Developer/Platforms/MacOSX.platform/Developer/SDKs/MacOSX12.3.sdk -package-description-version 5.6.0";
				SWIFT_VERSION = 5.0;
			};
			name = Release;
		};
		OBJ_35 /* Debug */ = {
			isa = XCBuildConfiguration;
			buildSettings = {
			};
			name = Debug;
		};
		OBJ_36 /* Release */ = {
			isa = XCBuildConfiguration;
			buildSettings = {
			};
			name = Release;
		};
		OBJ_4 /* Release */ = {
			isa = XCBuildConfiguration;
			buildSettings = {
				CLANG_ENABLE_OBJC_ARC = YES;
				COMBINE_HIDPI_IMAGES = YES;
				COPY_PHASE_STRIP = YES;
				DEBUG_INFORMATION_FORMAT = "dwarf-with-dsym";
				DYLIB_INSTALL_NAME_BASE = "@rpath";
				GCC_OPTIMIZATION_LEVEL = s;
				GCC_PREPROCESSOR_DEFINITIONS = (
					"$(inherited)",
					"SWIFT_PACKAGE=1",
				);
				IPHONEOS_DEPLOYMENT_TARGET = 15.0;
				MACOSX_DEPLOYMENT_TARGET = 10.10;
				OTHER_SWIFT_FLAGS = "$(inherited) -DXcode";
				PRODUCT_NAME = "$(TARGET_NAME)";
				SDKROOT = macosx;
				SUPPORTED_PLATFORMS = "$(AVAILABLE_PLATFORMS)";
				SUPPORTS_MACCATALYST = YES;
				SWIFT_ACTIVE_COMPILATION_CONDITIONS = "$(inherited) SWIFT_PACKAGE";
				SWIFT_OPTIMIZATION_LEVEL = "-Owholemodule";
				USE_HEADERMAP = NO;
			};
			name = Release;
		};
		OBJ_40 /* Debug */ = {
			isa = XCBuildConfiguration;
			buildSettings = {
				CLANG_ENABLE_MODULES = YES;
				CURRENT_PROJECT_VERSION = 1;
				DRIVERKIT_DEPLOYMENT_TARGET = 19.0;
				EMBEDDED_CONTENT_CONTAINS_SWIFT = YES;
				FRAMEWORK_SEARCH_PATHS = (
					"$(inherited)",
					"$(PLATFORM_DIR)/Developer/Library/Frameworks",
				);
				HEADER_SEARCH_PATHS = "$(inherited)";
				INFOPLIST_FILE = KeychainKit.xcodeproj/KeychainKitTests_Info.plist;
				IPHONEOS_DEPLOYMENT_TARGET = 14.0;
				LD_RUNPATH_SEARCH_PATHS = "$(inherited) @loader_path/../Frameworks @loader_path/Frameworks";
				MACOSX_DEPLOYMENT_TARGET = 11.0;
				OTHER_CFLAGS = "$(inherited)";
				OTHER_LDFLAGS = "$(inherited)";
				OTHER_SWIFT_FLAGS = "$(inherited)";
				SWIFT_ACTIVE_COMPILATION_CONDITIONS = "$(inherited)";
				SWIFT_VERSION = 5.0;
				TARGET_NAME = KeychainKitTests;
				TVOS_DEPLOYMENT_TARGET = 14.0;
				WATCHOS_DEPLOYMENT_TARGET = 7.0;
			};
			name = Debug;
		};
		OBJ_41 /* Release */ = {
			isa = XCBuildConfiguration;
			buildSettings = {
				CLANG_ENABLE_MODULES = YES;
				CURRENT_PROJECT_VERSION = 1;
				DRIVERKIT_DEPLOYMENT_TARGET = 19.0;
				EMBEDDED_CONTENT_CONTAINS_SWIFT = YES;
				FRAMEWORK_SEARCH_PATHS = (
					"$(inherited)",
					"$(PLATFORM_DIR)/Developer/Library/Frameworks",
				);
				HEADER_SEARCH_PATHS = "$(inherited)";
				INFOPLIST_FILE = KeychainKit.xcodeproj/KeychainKitTests_Info.plist;
				IPHONEOS_DEPLOYMENT_TARGET = 14.0;
				LD_RUNPATH_SEARCH_PATHS = "$(inherited) @loader_path/../Frameworks @loader_path/Frameworks";
				MACOSX_DEPLOYMENT_TARGET = 11.0;
				OTHER_CFLAGS = "$(inherited)";
				OTHER_LDFLAGS = "$(inherited)";
				OTHER_SWIFT_FLAGS = "$(inherited)";
				SWIFT_ACTIVE_COMPILATION_CONDITIONS = "$(inherited)";
				SWIFT_VERSION = 5.0;
				TARGET_NAME = KeychainKitTests;
				TVOS_DEPLOYMENT_TARGET = 14.0;
				WATCHOS_DEPLOYMENT_TARGET = 7.0;
			};
			name = Release;
		};
/* End XCBuildConfiguration section */

/* Begin XCConfigurationList section */
		OBJ_2 /* Build configuration list for PBXProject "KeychainKit" */ = {
			isa = XCConfigurationList;
			buildConfigurations = (
				OBJ_3 /* Debug */,
				OBJ_4 /* Release */,
			);
			defaultConfigurationIsVisible = 0;
			defaultConfigurationName = Release;
		};
		OBJ_21 /* Build configuration list for PBXNativeTarget "KeychainKit" */ = {
			isa = XCConfigurationList;
			buildConfigurations = (
				OBJ_22 /* Debug */,
				OBJ_23 /* Release */,
			);
			defaultConfigurationIsVisible = 0;
			defaultConfigurationName = Release;
		};
		OBJ_28 /* Build configuration list for PBXNativeTarget "KeychainKitPackageDescription" */ = {
			isa = XCConfigurationList;
			buildConfigurations = (
				OBJ_29 /* Debug */,
				OBJ_30 /* Release */,
			);
			defaultConfigurationIsVisible = 0;
			defaultConfigurationName = Release;
		};
		OBJ_34 /* Build configuration list for PBXAggregateTarget "KeychainKitPackageTests" */ = {
			isa = XCConfigurationList;
			buildConfigurations = (
				OBJ_35 /* Debug */,
				OBJ_36 /* Release */,
			);
			defaultConfigurationIsVisible = 0;
			defaultConfigurationName = Release;
		};
		OBJ_39 /* Build configuration list for PBXNativeTarget "KeychainKitTests" */ = {
			isa = XCConfigurationList;
			buildConfigurations = (
				OBJ_40 /* Debug */,
				OBJ_41 /* Release */,
			);
			defaultConfigurationIsVisible = 0;
			defaultConfigurationName = Release;
		};
/* End XCConfigurationList section */
	};
	rootObject = OBJ_1 /* Project object */;
}
