// !$*UTF8*$!
{
	archiveVersion = 1;
	classes = {
	};
	objectVersion = 55;
	objects = {

/* Begin PBXBuildFile section */
		2CE0B4DD2828EFC00007DB0D /* KeychainKit.docc in Sources */ = {isa = PBXBuildFile; fileRef = 2CE0B4DC2828EFC00007DB0D /* KeychainKit.docc */; };
		2CE0B4E32828EFC00007DB0D /* KeychainKit.framework in Frameworks */ = {isa = PBXBuildFile; fileRef = 2CE0B4D82828EFC00007DB0D /* KeychainKit.framework */; };
		2CE0B4E82828EFC00007DB0D /* KeychainKitTests.swift in Sources */ = {isa = PBXBuildFile; fileRef = 2CE0B4E72828EFC00007DB0D /* KeychainKitTests.swift */; };
		2CE0B4E92828EFC00007DB0D /* KeychainKit.h in Headers */ = {isa = PBXBuildFile; fileRef = 2CE0B4DB2828EFC00007DB0D /* KeychainKit.h */; settings = {ATTRIBUTES = (Public, ); }; };
/* End PBXBuildFile section */

/* Begin PBXContainerItemProxy section */
		2CE0B4E42828EFC00007DB0D /* PBXContainerItemProxy */ = {
			isa = PBXContainerItemProxy;
			containerPortal = 2CE0B4CF2828EFBF0007DB0D /* Project object */;
			proxyType = 1;
			remoteGlobalIDString = 2CE0B4D72828EFC00007DB0D;
			remoteInfo = KeychainKit;
		};
/* End PBXContainerItemProxy section */

/* Begin PBXFileReference section */
		2CE0B4D82828EFC00007DB0D /* KeychainKit.framework */ = {isa = PBXFileReference; explicitFileType = wrapper.framework; includeInIndex = 0; path = KeychainKit.framework; sourceTree = BUILT_PRODUCTS_DIR; };
		2CE0B4DB2828EFC00007DB0D /* KeychainKit.h */ = {isa = PBXFileReference; lastKnownFileType = sourcecode.c.h; path = KeychainKit.h; sourceTree = "<group>"; };
		2CE0B4DC2828EFC00007DB0D /* KeychainKit.docc */ = {isa = PBXFileReference; lastKnownFileType = folder.documentationcatalog; path = KeychainKit.docc; sourceTree = "<group>"; };
		2CE0B4E22828EFC00007DB0D /* KeychainKitTests.xctest */ = {isa = PBXFileReference; explicitFileType = wrapper.cfbundle; includeInIndex = 0; path = KeychainKitTests.xctest; sourceTree = BUILT_PRODUCTS_DIR; };
		2CE0B4E72828EFC00007DB0D /* KeychainKitTests.swift */ = {isa = PBXFileReference; lastKnownFileType = sourcecode.swift; path = KeychainKitTests.swift; sourceTree = "<group>"; };
/* End PBXFileReference section */

/* Begin PBXFrameworksBuildPhase section */
		2CE0B4D52828EFC00007DB0D /* Frameworks */ = {
			isa = PBXFrameworksBuildPhase;
			buildActionMask = 2147483647;
			files = (
			);
			runOnlyForDeploymentPostprocessing = 0;
		};
		2CE0B4DF2828EFC00007DB0D /* Frameworks */ = {
			isa = PBXFrameworksBuildPhase;
			buildActionMask = 2147483647;
			files = (
				2CE0B4E32828EFC00007DB0D /* KeychainKit.framework in Frameworks */,
			);
			runOnlyForDeploymentPostprocessing = 0;
		};
/* End PBXFrameworksBuildPhase section */

/* Begin PBXGroup section */
		2CE0B4CE2828EFBF0007DB0D = {
			isa = PBXGroup;
			children = (
				2CE0B4DA2828EFC00007DB0D /* KeychainKit */,
				2CE0B4E62828EFC00007DB0D /* KeychainKitTests */,
				2CE0B4D92828EFC00007DB0D /* Products */,
			);
			sourceTree = "<group>";
		};
		2CE0B4D92828EFC00007DB0D /* Products */ = {
			isa = PBXGroup;
			children = (
				2CE0B4D82828EFC00007DB0D /* KeychainKit.framework */,
				2CE0B4E22828EFC00007DB0D /* KeychainKitTests.xctest */,
			);
			name = Products;
			sourceTree = "<group>";
		};
		2CE0B4DA2828EFC00007DB0D /* KeychainKit */ = {
			isa = PBXGroup;
			children = (
				2CE0B4DB2828EFC00007DB0D /* KeychainKit.h */,
				2CE0B4DC2828EFC00007DB0D /* KeychainKit.docc */,
			);
			path = KeychainKit;
			sourceTree = "<group>";
		};
		2CE0B4E62828EFC00007DB0D /* KeychainKitTests */ = {
			isa = PBXGroup;
			children = (
				2CE0B4E72828EFC00007DB0D /* KeychainKitTests.swift */,
			);
			path = KeychainKitTests;
			sourceTree = "<group>";
		};
/* End PBXGroup section */

/* Begin PBXHeadersBuildPhase section */
		2CE0B4D32828EFC00007DB0D /* Headers */ = {
			isa = PBXHeadersBuildPhase;
			buildActionMask = 2147483647;
			files = (
				2CE0B4E92828EFC00007DB0D /* KeychainKit.h in Headers */,
			);
			runOnlyForDeploymentPostprocessing = 0;
		};
/* End PBXHeadersBuildPhase section */

/* Begin PBXNativeTarget section */
		2CE0B4D72828EFC00007DB0D /* KeychainKit */ = {
			isa = PBXNativeTarget;
			buildConfigurationList = 2CE0B4EC2828EFC00007DB0D /* Build configuration list for PBXNativeTarget "KeychainKit" */;
			buildPhases = (
				2CE0B4D32828EFC00007DB0D /* Headers */,
				2CE0B4D42828EFC00007DB0D /* Sources */,
				2CE0B4D52828EFC00007DB0D /* Frameworks */,
				2CE0B4D62828EFC00007DB0D /* Resources */,
			);
			buildRules = (
			);
			dependencies = (
			);
			name = KeychainKit;
			productName = KeychainKit;
			productReference = 2CE0B4D82828EFC00007DB0D /* KeychainKit.framework */;
			productType = "com.apple.product-type.framework";
		};
		2CE0B4E12828EFC00007DB0D /* KeychainKitTests */ = {
			isa = PBXNativeTarget;
			buildConfigurationList = 2CE0B4EF2828EFC00007DB0D /* Build configuration list for PBXNativeTarget "KeychainKitTests" */;
			buildPhases = (
				2CE0B4DE2828EFC00007DB0D /* Sources */,
				2CE0B4DF2828EFC00007DB0D /* Frameworks */,
				2CE0B4E02828EFC00007DB0D /* Resources */,
			);
			buildRules = (
			);
			dependencies = (
				2CE0B4E52828EFC00007DB0D /* PBXTargetDependency */,
			);
			name = KeychainKitTests;
			productName = KeychainKitTests;
			productReference = 2CE0B4E22828EFC00007DB0D /* KeychainKitTests.xctest */;
			productType = "com.apple.product-type.bundle.unit-test";
		};
/* End PBXNativeTarget section */

/* Begin PBXProject section */
		2CE0B4CF2828EFBF0007DB0D /* Project object */ = {
			isa = PBXProject;
			attributes = {
				BuildIndependentTargetsInParallel = 1;
				LastSwiftUpdateCheck = 1330;
				LastUpgradeCheck = 1330;
				TargetAttributes = {
					2CE0B4D72828EFC00007DB0D = {
						CreatedOnToolsVersion = 13.3;
					};
					2CE0B4E12828EFC00007DB0D = {
						CreatedOnToolsVersion = 13.3;
					};
				};
			};
			buildConfigurationList = 2CE0B4D22828EFBF0007DB0D /* Build configuration list for PBXProject "KeychainKit" */;
			compatibilityVersion = "Xcode 13.0";
			developmentRegion = en;
			hasScannedForEncodings = 0;
			knownRegions = (
				en,
				Base,
			);
			mainGroup = 2CE0B4CE2828EFBF0007DB0D;
			productRefGroup = 2CE0B4D92828EFC00007DB0D /* Products */;
			projectDirPath = "";
			projectRoot = "";
			targets = (
				2CE0B4D72828EFC00007DB0D /* KeychainKit */,
				2CE0B4E12828EFC00007DB0D /* KeychainKitTests */,
			);
		};
/* End PBXProject section */

/* Begin PBXResourcesBuildPhase section */
		2CE0B4D62828EFC00007DB0D /* Resources */ = {
			isa = PBXResourcesBuildPhase;
			buildActionMask = 2147483647;
			files = (
			);
			runOnlyForDeploymentPostprocessing = 0;
		};
		2CE0B4E02828EFC00007DB0D /* Resources */ = {
			isa = PBXResourcesBuildPhase;
			buildActionMask = 2147483647;
			files = (
			);
			runOnlyForDeploymentPostprocessing = 0;
		};
/* End PBXResourcesBuildPhase section */

/* Begin PBXSourcesBuildPhase section */
		2CE0B4D42828EFC00007DB0D /* Sources */ = {
			isa = PBXSourcesBuildPhase;
			buildActionMask = 2147483647;
			files = (
				2CE0B4DD2828EFC00007DB0D /* KeychainKit.docc in Sources */,
			);
			runOnlyForDeploymentPostprocessing = 0;
		};
		2CE0B4DE2828EFC00007DB0D /* Sources */ = {
			isa = PBXSourcesBuildPhase;
			buildActionMask = 2147483647;
			files = (
				2CE0B4E82828EFC00007DB0D /* KeychainKitTests.swift in Sources */,
			);
			runOnlyForDeploymentPostprocessing = 0;
		};
/* End PBXSourcesBuildPhase section */

/* Begin PBXTargetDependency section */
		2CE0B4E52828EFC00007DB0D /* PBXTargetDependency */ = {
			isa = PBXTargetDependency;
			target = 2CE0B4D72828EFC00007DB0D /* KeychainKit */;
			targetProxy = 2CE0B4E42828EFC00007DB0D /* PBXContainerItemProxy */;
		};
/* End PBXTargetDependency section */

/* Begin XCBuildConfiguration section */
		2CE0B4EA2828EFC00007DB0D /* Debug */ = {
			isa = XCBuildConfiguration;
			buildSettings = {
				ALWAYS_SEARCH_USER_PATHS = NO;
				CLANG_ANALYZER_NONNULL = YES;
				CLANG_ANALYZER_NUMBER_OBJECT_CONVERSION = YES_AGGRESSIVE;
				CLANG_CXX_LANGUAGE_STANDARD = "gnu++17";
				CLANG_ENABLE_MODULES = YES;
				CLANG_ENABLE_OBJC_ARC = YES;
				CLANG_ENABLE_OBJC_WEAK = YES;
				CLANG_WARN_BLOCK_CAPTURE_AUTORELEASING = YES;
				CLANG_WARN_BOOL_CONVERSION = YES;
				CLANG_WARN_COMMA = YES;
				CLANG_WARN_CONSTANT_CONVERSION = YES;
				CLANG_WARN_DEPRECATED_OBJC_IMPLEMENTATIONS = YES;
				CLANG_WARN_DIRECT_OBJC_ISA_USAGE = YES_ERROR;
				CLANG_WARN_DOCUMENTATION_COMMENTS = YES;
				CLANG_WARN_EMPTY_BODY = YES;
				CLANG_WARN_ENUM_CONVERSION = YES;
				CLANG_WARN_INFINITE_RECURSION = YES;
				CLANG_WARN_INT_CONVERSION = YES;
				CLANG_WARN_NON_LITERAL_NULL_CONVERSION = YES;
				CLANG_WARN_OBJC_IMPLICIT_RETAIN_SELF = YES;
				CLANG_WARN_OBJC_LITERAL_CONVERSION = YES;
				CLANG_WARN_OBJC_ROOT_CLASS = YES_ERROR;
				CLANG_WARN_QUOTED_INCLUDE_IN_FRAMEWORK_HEADER = YES;
				CLANG_WARN_RANGE_LOOP_ANALYSIS = YES;
				CLANG_WARN_STRICT_PROTOTYPES = YES;
				CLANG_WARN_SUSPICIOUS_MOVE = YES;
				CLANG_WARN_UNGUARDED_AVAILABILITY = YES_AGGRESSIVE;
				CLANG_WARN_UNREACHABLE_CODE = YES;
				CLANG_WARN__DUPLICATE_METHOD_MATCH = YES;
				COPY_PHASE_STRIP = NO;
				CURRENT_PROJECT_VERSION = 1;
				DEBUG_INFORMATION_FORMAT = dwarf;
				ENABLE_STRICT_OBJC_MSGSEND = YES;
				ENABLE_TESTABILITY = YES;
				GCC_C_LANGUAGE_STANDARD = gnu11;
				GCC_DYNAMIC_NO_PIC = NO;
				GCC_NO_COMMON_BLOCKS = YES;
				GCC_OPTIMIZATION_LEVEL = 0;
				GCC_PREPROCESSOR_DEFINITIONS = (
					"DEBUG=1",
					"$(inherited)",
				);
				GCC_WARN_64_TO_32_BIT_CONVERSION = YES;
				GCC_WARN_ABOUT_RETURN_TYPE = YES_ERROR;
				GCC_WARN_UNDECLARED_SELECTOR = YES;
				GCC_WARN_UNINITIALIZED_AUTOS = YES_AGGRESSIVE;
				GCC_WARN_UNUSED_FUNCTION = YES;
				GCC_WARN_UNUSED_VARIABLE = YES;
				IPHONEOS_DEPLOYMENT_TARGET = 15.4;
				MTL_ENABLE_DEBUG_INFO = INCLUDE_SOURCE;
				MTL_FAST_MATH = YES;
				ONLY_ACTIVE_ARCH = YES;
				SDKROOT = iphoneos;
				SWIFT_ACTIVE_COMPILATION_CONDITIONS = DEBUG;
				SWIFT_OPTIMIZATION_LEVEL = "-Onone";
				VERSIONING_SYSTEM = "apple-generic";
				VERSION_INFO_PREFIX = "";
			};
			name = Debug;
		};
		2CE0B4EB2828EFC00007DB0D /* Release */ = {
			isa = XCBuildConfiguration;
			buildSettings = {
				ALWAYS_SEARCH_USER_PATHS = NO;
				CLANG_ANALYZER_NONNULL = YES;
				CLANG_ANALYZER_NUMBER_OBJECT_CONVERSION = YES_AGGRESSIVE;
				CLANG_CXX_LANGUAGE_STANDARD = "gnu++17";
				CLANG_ENABLE_MODULES = YES;
				CLANG_ENABLE_OBJC_ARC = YES;
				CLANG_ENABLE_OBJC_WEAK = YES;
				CLANG_WARN_BLOCK_CAPTURE_AUTORELEASING = YES;
				CLANG_WARN_BOOL_CONVERSION = YES;
				CLANG_WARN_COMMA = YES;
				CLANG_WARN_CONSTANT_CONVERSION = YES;
				CLANG_WARN_DEPRECATED_OBJC_IMPLEMENTATIONS = YES;
				CLANG_WARN_DIRECT_OBJC_ISA_USAGE = YES_ERROR;
				CLANG_WARN_DOCUMENTATION_COMMENTS = YES;
				CLANG_WARN_EMPTY_BODY = YES;
				CLANG_WARN_ENUM_CONVERSION = YES;
				CLANG_WARN_INFINITE_RECURSION = YES;
				CLANG_WARN_INT_CONVERSION = YES;
				CLANG_WARN_NON_LITERAL_NULL_CONVERSION = YES;
				CLANG_WARN_OBJC_IMPLICIT_RETAIN_SELF = YES;
				CLANG_WARN_OBJC_LITERAL_CONVERSION = YES;
				CLANG_WARN_OBJC_ROOT_CLASS = YES_ERROR;
				CLANG_WARN_QUOTED_INCLUDE_IN_FRAMEWORK_HEADER = YES;
				CLANG_WARN_RANGE_LOOP_ANALYSIS = YES;
				CLANG_WARN_STRICT_PROTOTYPES = YES;
				CLANG_WARN_SUSPICIOUS_MOVE = YES;
				CLANG_WARN_UNGUARDED_AVAILABILITY = YES_AGGRESSIVE;
				CLANG_WARN_UNREACHABLE_CODE = YES;
				CLANG_WARN__DUPLICATE_METHOD_MATCH = YES;
				COPY_PHASE_STRIP = NO;
				CURRENT_PROJECT_VERSION = 1;
				DEBUG_INFORMATION_FORMAT = "dwarf-with-dsym";
				ENABLE_NS_ASSERTIONS = NO;
				ENABLE_STRICT_OBJC_MSGSEND = YES;
				GCC_C_LANGUAGE_STANDARD = gnu11;
				GCC_NO_COMMON_BLOCKS = YES;
				GCC_WARN_64_TO_32_BIT_CONVERSION = YES;
				GCC_WARN_ABOUT_RETURN_TYPE = YES_ERROR;
				GCC_WARN_UNDECLARED_SELECTOR = YES;
				GCC_WARN_UNINITIALIZED_AUTOS = YES_AGGRESSIVE;
				GCC_WARN_UNUSED_FUNCTION = YES;
				GCC_WARN_UNUSED_VARIABLE = YES;
				IPHONEOS_DEPLOYMENT_TARGET = 15.4;
				MTL_ENABLE_DEBUG_INFO = NO;
				MTL_FAST_MATH = YES;
				SDKROOT = iphoneos;
				SWIFT_COMPILATION_MODE = wholemodule;
				SWIFT_OPTIMIZATION_LEVEL = "-O";
				VALIDATE_PRODUCT = YES;
				VERSIONING_SYSTEM = "apple-generic";
				VERSION_INFO_PREFIX = "";
			};
			name = Release;
		};
		2CE0B4ED2828EFC00007DB0D /* Debug */ = {
			isa = XCBuildConfiguration;
			buildSettings = {
				CODE_SIGN_STYLE = Automatic;
				CURRENT_PROJECT_VERSION = 1;
				DEFINES_MODULE = YES;
				DEVELOPMENT_TEAM = 3ND8XDKHKS;
				DYLIB_COMPATIBILITY_VERSION = 1;
				DYLIB_CURRENT_VERSION = 1;
				DYLIB_INSTALL_NAME_BASE = "@rpath";
				GENERATE_INFOPLIST_FILE = YES;
				INFOPLIST_KEY_NSHumanReadableCopyright = "";
				INSTALL_PATH = "$(LOCAL_LIBRARY_DIR)/Frameworks";
				LD_RUNPATH_SEARCH_PATHS = (
					"$(inherited)",
					"@executable_path/Frameworks",
					"@loader_path/Frameworks",
				);
				MARKETING_VERSION = 1.0;
				PRODUCT_BUNDLE_IDENTIFIER = com.way.KeychainKit;
				PRODUCT_NAME = "$(TARGET_NAME:c99extidentifier)";
				SKIP_INSTALL = YES;
				SWIFT_EMIT_LOC_STRINGS = YES;
				SWIFT_VERSION = 5.0;
				TARGETED_DEVICE_FAMILY = "1,2";
			};
			name = Debug;
		};
		2CE0B4EE2828EFC00007DB0D /* Release */ = {
			isa = XCBuildConfiguration;
			buildSettings = {
				CODE_SIGN_STYLE = Automatic;
				CURRENT_PROJECT_VERSION = 1;
				DEFINES_MODULE = YES;
				DEVELOPMENT_TEAM = 3ND8XDKHKS;
				DYLIB_COMPATIBILITY_VERSION = 1;
				DYLIB_CURRENT_VERSION = 1;
				DYLIB_INSTALL_NAME_BASE = "@rpath";
				GENERATE_INFOPLIST_FILE = YES;
				INFOPLIST_KEY_NSHumanReadableCopyright = "";
				INSTALL_PATH = "$(LOCAL_LIBRARY_DIR)/Frameworks";
				LD_RUNPATH_SEARCH_PATHS = (
					"$(inherited)",
					"@executable_path/Frameworks",
					"@loader_path/Frameworks",
				);
				MARKETING_VERSION = 1.0;
				PRODUCT_BUNDLE_IDENTIFIER = com.way.KeychainKit;
				PRODUCT_NAME = "$(TARGET_NAME:c99extidentifier)";
				SKIP_INSTALL = YES;
				SWIFT_EMIT_LOC_STRINGS = YES;
				SWIFT_VERSION = 5.0;
				TARGETED_DEVICE_FAMILY = "1,2";
			};
			name = Release;
		};
		2CE0B4F02828EFC00007DB0D /* Debug */ = {
			isa = XCBuildConfiguration;
			buildSettings = {
				CODE_SIGN_STYLE = Automatic;
				CURRENT_PROJECT_VERSION = 1;
				DEVELOPMENT_TEAM = 3ND8XDKHKS;
				GENERATE_INFOPLIST_FILE = YES;
				MARKETING_VERSION = 1.0;
				PRODUCT_BUNDLE_IDENTIFIER = com.way.KeychainKitTests;
				PRODUCT_NAME = "$(TARGET_NAME)";
				SWIFT_EMIT_LOC_STRINGS = NO;
				SWIFT_VERSION = 5.0;
				TARGETED_DEVICE_FAMILY = "1,2";
			};
			name = Debug;
		};
		2CE0B4F12828EFC00007DB0D /* Release */ = {
			isa = XCBuildConfiguration;
			buildSettings = {
				CODE_SIGN_STYLE = Automatic;
				CURRENT_PROJECT_VERSION = 1;
				DEVELOPMENT_TEAM = 3ND8XDKHKS;
				GENERATE_INFOPLIST_FILE = YES;
				MARKETING_VERSION = 1.0;
				PRODUCT_BUNDLE_IDENTIFIER = com.way.KeychainKitTests;
				PRODUCT_NAME = "$(TARGET_NAME)";
				SWIFT_EMIT_LOC_STRINGS = NO;
				SWIFT_VERSION = 5.0;
				TARGETED_DEVICE_FAMILY = "1,2";
			};
			name = Release;
		};
/* End XCBuildConfiguration section */

/* Begin XCConfigurationList section */
		2CE0B4D22828EFBF0007DB0D /* Build configuration list for PBXProject "KeychainKit" */ = {
			isa = XCConfigurationList;
			buildConfigurations = (
				2CE0B4EA2828EFC00007DB0D /* Debug */,
				2CE0B4EB2828EFC00007DB0D /* Release */,
			);
			defaultConfigurationIsVisible = 0;
			defaultConfigurationName = Release;
		};
		2CE0B4EC2828EFC00007DB0D /* Build configuration list for PBXNativeTarget "KeychainKit" */ = {
			isa = XCConfigurationList;
			buildConfigurations = (
				2CE0B4ED2828EFC00007DB0D /* Debug */,
				2CE0B4EE2828EFC00007DB0D /* Release */,
			);
			defaultConfigurationIsVisible = 0;
			defaultConfigurationName = Release;
		};
		2CE0B4EF2828EFC00007DB0D /* Build configuration list for PBXNativeTarget "KeychainKitTests" */ = {
			isa = XCConfigurationList;
			buildConfigurations = (
				2CE0B4F02828EFC00007DB0D /* Debug */,
				2CE0B4F12828EFC00007DB0D /* Release */,
			);
			defaultConfigurationIsVisible = 0;
			defaultConfigurationName = Release;
		};
/* End XCConfigurationList section */
	};
	rootObject = 2CE0B4CF2828EFBF0007DB0D /* Project object */;
}
